<?xml version="1.0" encoding="utf-8"?>
<Project ToolsVersion="4.0" xmlns="http://schemas.microsoft.com/developer/msbuild/2003">
  <ItemGroup>
    <Filter Include="Source Files">
      <UniqueIdentifier>{4FC737F1-C7A5-4376-A066-2A32D752A2FF}</UniqueIdentifier>
      <Extensions>cpp;c;cc;cxx;def;odl;idl;hpj;bat;asm;asmx</Extensions>
    </Filter>
    <Filter Include="Header Files">
      <UniqueIdentifier>{93995380-89BD-4b04-88EB-625FBE52EBFB}</UniqueIdentifier>
      <Extensions>h;hh;hpp;hxx;hm;inl;inc;xsd</Extensions>
    </Filter>
    <Filter Include="Resource Files">
      <UniqueIdentifier>{67DA6AB6-F800-4c08-8B7A-83BB121AAD01}</UniqueIdentifier>
      <Extensions>rc;ico;cur;bmp;dlg;rc2;rct;bin;rgs;gif;jpg;jpeg;jpe;resx;tiff;tif;png;wav;mfcribbon-ms</Extensions>
    </Filter>
    <Filter Include="[] Export">
      <UniqueIdentifier>{6dca1aa4-bcb1-4082-beef-b301f0aa713c}</UniqueIdentifier>
    </Filter>
    <Filter Include="[] Inner">
      <UniqueIdentifier>{dcf90986-96cd-4ac6-9e1b-91e572cab66f}</UniqueIdentifier>
    </Filter>
  </ItemGroup>
  <ItemGroup>
    <Text Include="ReadMe.txt" />
  </ItemGroup>
  <ItemGroup>
    <ClCompile Include="AutoCleaner.cpp">
      <Filter>Source Files</Filter>
    </ClCompile>
    <ClCompile Include="Module.cpp">
      <Filter>[] Export</Filter>
    </ClCompile>
    <ClCompile Include="ModuleImpl.cpp">
      <Filter>[] Inner</Filter>
    </ClCompile>
    <ClCompile Include="MonitoringFolderInfo.cpp">
      <Filter>[] Inner</Filter>
    </ClCompile>
    <ClCompile Include="CandidateCollector.cpp">
      <Filter>[] Inner</Filter>
    </ClCompile>
    <ClCompile Include="stdafx.cpp">
      <Filter>Source Files</Filter>
    </ClCompile>
    <ClCompile Include="CandidateGarbageFolder.cpp">
      <Filter>[] Inner</Filter>
    </ClCompile>
    <ClCompile Include="CandidateGarbageFile.cpp">
      <Filter>[] Inner</Filter>
    </ClCompile>
    <ClCompile Include="CandidateGarbageBase.cpp">
      <Filter>[] Inner</Filter>
    </ClCompile>
    <ClCompile Include="CandidateGarbageDrive.cpp">
      <Filter>[] Inner</Filter>
    </ClCompile>
    <ClCompile Include="DriveCleaner.cpp">
      <Filter>[] Inner</Filter>
    </ClCompile>
    <ClCompile Include="CommonCallBack.cpp">
      <Filter>[] Inner</Filter>
    </ClCompile>
  </ItemGroup>
  <ItemGroup>
    <ClInclude Include="AutoCleaner.h">
      <Filter>Header Files</Filter>
    </ClInclude>
    <ClInclude Include="stdafx.h">
      <Filter>Header Files</Filter>
    </ClInclude>
    <ClInclude Include="targetver.h">
      <Filter>Header Files</Filter>
    </ClInclude>
    <ClInclude Include="Resource.h">
      <Filter>Header Files</Filter>
    </ClInclude>
    <ClInclude Include="Module.h">
      <Filter>[] Export</Filter>
    </ClInclude>
    <ClInclude Include="basedef.h">
      <Filter>[] Export</Filter>
    </ClInclude>
    <ClInclude Include="ModuleImpl.h">
      <Filter>[] Inner</Filter>
    </ClInclude>
    <ClInclude Include="MonitoringFolderInfo.h">
      <Filter>[] Inner</Filter>
    </ClInclude>
    <ClInclude Include="CandidateCollector.h">
      <Filter>[] Inner</Filter>
    </ClInclude>
    <ClInclude Include="CandidateGarbageFolder.h">
      <Filter>[] Inner</Filter>
    </ClInclude>
    <ClInclude Include="CandidateGarbageFile.h">
      <Filter>[] Inner</Filter>
    </ClInclude>
    <ClInclude Include="CandidateGarbageBase.h">
      <Filter>[] Inner</Filter>
    </ClInclude>
    <ClInclude Include="CandidateGarbageDrive.h">
      <Filter>[] Inner</Filter>
    </ClInclude>
    <ClInclude Include="DriveCleaner.h">
      <Filter>[] Inner</Filter>
    </ClInclude>
    <ClInclude Include="CommonCallBack.h">
      <Filter>[] Inner</Filter>
    </ClInclude>
  </ItemGroup>
  <ItemGroup>
    <None Include="AutoCleaner.def">
      <Filter>Source Files</Filter>
    </None>
    <None Include="res\AutoCleaner.rc2">
      <Filter>Resource Files</Filter>
    </None>
  </ItemGroup>
  <ItemGroup>
    <ResourceCompile Include="AutoCleaner.rc">
      <Filter>Resource Files</Filter>
    </ResourceCompile>
  </ItemGroup>
</Project>