<?xml version="1.0" encoding="utf-8"?>
<Project ToolsVersion="4.0" xmlns="http://schemas.microsoft.com/developer/msbuild/2003">
  <ItemGroup>
    <Filter Include="Source Files">
      <UniqueIdentifier>{4FC737F1-C7A5-4376-A066-2A32D752A2FF}</UniqueIdentifier>
      <Extensions>cpp;c;cc;cxx;def;odl;idl;hpj;bat;asm;asmx</Extensions>
    </Filter>
    <Filter Include="Header Files">
      <UniqueIdentifier>{93995380-89BD-4b04-88EB-625FBE52EBFB}</UniqueIdentifier>
      <Extensions>h;hh;hpp;hxx;hm;inl;inc;xsd</Extensions>
    </Filter>
    <Filter Include="Resource Files">
      <UniqueIdentifier>{67DA6AB6-F800-4c08-8B7A-83BB121AAD01}</UniqueIdentifier>
      <Extensions>rc;ico;cur;bmp;dlg;rc2;rct;bin;rgs;gif;jpg;jpeg;jpe;resx;tiff;tif;png;wav;mfcribbon-ms</Extensions>
    </Filter>
    <Filter Include="[] Export">
      <UniqueIdentifier>{458a690d-71c3-4d4f-be2d-e0e68c36a4f7}</UniqueIdentifier>
    </Filter>
    <Filter Include="[] Inner">
      <UniqueIdentifier>{b53415ad-67be-4e75-b0a7-1e7215266d90}</UniqueIdentifier>
    </Filter>
  </ItemGroup>
  <ItemGroup>
    <Text Include="ReadMe.txt" />
  </ItemGroup>
  <ItemGroup>
    <ClCompile Include="Base.cpp">
      <Filter>Source Files</Filter>
    </ClCompile>
    <ClCompile Include="stdafx.cpp">
      <Filter>Source Files</Filter>
    </ClCompile>
    <ClCompile Include="ParaLong.cpp">
      <Filter>[] Export</Filter>
    </ClCompile>
    <ClCompile Include="ParaCollector.cpp">
      <Filter>[] Export</Filter>
    </ClCompile>
    <ClCompile Include="ParaBool.cpp">
      <Filter>[] Export</Filter>
    </ClCompile>
    <ClCompile Include="ParaFloat.cpp">
      <Filter>[] Export</Filter>
    </ClCompile>
    <ClCompile Include="ParaRect.cpp">
      <Filter>[] Export</Filter>
    </ClCompile>
    <ClCompile Include="ParaByte.cpp">
      <Filter>[] Export</Filter>
    </ClCompile>
    <ClCompile Include="ParaString.cpp">
      <Filter>[] Export</Filter>
    </ClCompile>
    <ClCompile Include="StringFormat.cpp">
      <Filter>[] Inner</Filter>
    </ClCompile>
    <ClCompile Include="ParaDouble.cpp">
      <Filter>[] Export</Filter>
    </ClCompile>
    <ClCompile Include="ParaEdgeDetection.cpp">
      <Filter>[] Export</Filter>
    </ClCompile>
  </ItemGroup>
  <ItemGroup>
    <ClInclude Include="Base.h">
      <Filter>Header Files</Filter>
    </ClInclude>
    <ClInclude Include="stdafx.h">
      <Filter>Header Files</Filter>
    </ClInclude>
    <ClInclude Include="targetver.h">
      <Filter>Header Files</Filter>
    </ClInclude>
    <ClInclude Include="Resource.h">
      <Filter>Header Files</Filter>
    </ClInclude>
    <ClInclude Include="IIBNI_SurfaceInspect.h">
      <Filter>[] Export</Filter>
    </ClInclude>
    <ClInclude Include="ParaLong.h">
      <Filter>[] Export</Filter>
    </ClInclude>
    <ClInclude Include="basedef.h">
      <Filter>[] Export</Filter>
    </ClInclude>
    <ClInclude Include="ParaCollector.h">
      <Filter>[] Export</Filter>
    </ClInclude>
    <ClInclude Include="ParaBool.h">
      <Filter>[] Export</Filter>
    </ClInclude>
    <ClInclude Include="ParaFloat.h">
      <Filter>[] Export</Filter>
    </ClInclude>
    <ClInclude Include="ParaRect.h">
      <Filter>[] Export</Filter>
    </ClInclude>
    <ClInclude Include="ParaByte.h">
      <Filter>[] Export</Filter>
    </ClInclude>
    <ClInclude Include="ParaString.h">
      <Filter>[] Export</Filter>
    </ClInclude>
    <ClInclude Include="StringFormat.h">
      <Filter>[] Inner</Filter>
    </ClInclude>
    <ClInclude Include="ParaDouble.h">
      <Filter>[] Export</Filter>
    </ClInclude>
    <ClInclude Include="ParaEdgeDetection.h">
      <Filter>[] Export</Filter>
    </ClInclude>
  </ItemGroup>
  <ItemGroup>
    <None Include="Base.def">
      <Filter>Source Files</Filter>
    </None>
    <None Include="res\Base.rc2">
      <Filter>Resource Files</Filter>
    </None>
  </ItemGroup>
  <ItemGroup>
    <ResourceCompile Include="Base.rc">
      <Filter>Resource Files</Filter>
    </ResourceCompile>
  </ItemGroup>
</Project>